
Microsoft Visual Studio Solution File, Format Version 12.00
# Visual Studio Version 17
VisualStudioVersion = 17.9.34902.65
MinimumVisualStudioVersion = 10.0.40219.1
Project("{FAE04EC0-301F-11D3-BF4B-00C04F79EFBC}") = "TaskManager", "TaskManager\TaskManager.csproj", "{00E9E72D-C879-4B6C-8FBE-E6B49135E9CF}"
EndProject
Global
	GlobalSection(SolutionConfigurationPlatforms) = preSolution
		Debug|Any CPU = Debug|Any CPU
		Release|Any CPU = Release|Any CPU
	EndGlobalSection
	GlobalSection(ProjectConfigurationPlatforms) = postSolution
		{00E9E72D-C879-4B6C-8FBE-E6B49135E9CF}.Debug|Any CPU.ActiveCfg = Debug|Any CPU
		{00E9E72D-C879-4B6C-8FBE-E6B49135E9CF}.Debug|Any CPU.Build.0 = Debug|Any CPU
		{00E9E72D-C879-4B6C-8FBE-E6B49135E9CF}.Release|Any CPU.ActiveCfg = Release|Any CPU
		{00E9E72D-C879-4B6C-8FBE-E6B49135E9CF}.Release|Any CPU.Build.0 = Release|Any CPU
	EndGlobalSection
	GlobalSection(SolutionProperties) = preSolution
		HideSolutionNode = FALSE
	EndGlobalSection
	GlobalSection(ExtensibilityGlobals) = postSolution
		SolutionGuid = {D8621F35-FB78-4868-8C10-1AB0D61E2A6E}
	EndGlobalSection
EndGlobal
